{
  "name": "jsdoc-demo",
  "version": "1.0.0",
  "lockfileVersion": 2,
  "requires": true,
  "packages": {
    "": {
      "name": "jsdoc-demo",
      "version": "1.0.0",
      "license": "ISC",
      "dependencies": {
        "docdash": "^2.0.1",
        "minami": "^1.2.3",
        "taffydb": "^2.7.3"
      }
    },
    "node_modules/@jsdoc/salty": {
      "version": "0.2.5",
      "resolved": "https://registry.npmmirror.com/@jsdoc/salty/-/salty-0.2.5.tgz",
      "integrity": "sha512-TfRP53RqunNe2HBobVBJ0VLhK1HbfvBYeTC1ahnN64PWvyYyGebmMiPkuwvD9fpw2ZbkoPb8Q7mwy0aR8Z9rvw==",
      "dependencies": {
        "lodash": "^4.17.21"
      },
      "engines": {
        "node": ">=v12.0.0"
      }
    },
    "node_modules/docdash": {
      "version": "2.0.1",
      "resolved": "https://registry.npmmirror.com/docdash/-/docdash-2.0.1.tgz",
      "integrity": "sha512-mkBhkeMyMwGV4YIdA7S4dIC25ENrfU/ZBfyTs/MXj/HUewW/dtx44xoho4PttCOMsqxlcghzfj8HRlam5QiSoQ==",
      "dependencies": {
        "@jsdoc/salty": "^0.2.1"
      }
    },
    "node_modules/lodash": {
      "version": "4.17.21",
      "resolved": "https://registry.npmmirror.com/lodash/-/lodash-4.17.21.tgz",
      "integrity": "sha512-v2kDEe57lecTulaDIuNTPy3Ry4gLGJ6Z1O3vE1krgXZNrsQ+LFTGHVxVjcXPs17LhbZVGedAJv8XZ1tvj5FvSg=="
    },
    "node_modules/minami": {
      "version": "1.2.3",
      "resolved": "https://registry.npmmirror.com/minami/-/minami-1.2.3.tgz",
      "integrity": "sha512-3f2QqqbUC1usVux0FkQMFYB73yd9JIxmHSn1dWQacizL6hOUaNu6mA3KxZ9SfiCc4qgcgq+5XP59+hP7URa1Dw=="
    },
    "node_modules/taffydb": {
      "version": "2.7.3",
      "resolved": "https://registry.npmmirror.com/taffydb/-/taffydb-2.7.3.tgz",
      "integrity": "sha512-GQ3gtYFSOAxSMN/apGtDKKkbJf+8izz5YfbGqIsUc7AMiQOapARZ76dhilRY2h39cynYxBFdafQo5HUL5vgkrg=="
    }
  },
  "dependencies": {
    "@jsdoc/salty": {
      "version": "0.2.5",
      "resolved": "https://registry.npmmirror.com/@jsdoc/salty/-/salty-0.2.5.tgz",
      "integrity": "sha512-TfRP53RqunNe2HBobVBJ0VLhK1HbfvBYeTC1ahnN64PWvyYyGebmMiPkuwvD9fpw2ZbkoPb8Q7mwy0aR8Z9rvw==",
      "requires": {
        "lodash": "^4.17.21"
      }
    },
    "docdash": {
      "version": "2.0.1",
      "resolved": "https://registry.npmmirror.com/docdash/-/docdash-2.0.1.tgz",
      "integrity": "sha512-mkBhkeMyMwGV4YIdA7S4dIC25ENrfU/ZBfyTs/MXj/HUewW/dtx44xoho4PttCOMsqxlcghzfj8HRlam5QiSoQ==",
      "requires": {
        "@jsdoc/salty": "^0.2.1"
      }
    },
    "lodash": {
      "version": "4.17.21",
      "resolved": "https://registry.npmmirror.com/lodash/-/lodash-4.17.21.tgz",
      "integrity": "sha512-v2kDEe57lecTulaDIuNTPy3Ry4gLGJ6Z1O3vE1krgXZNrsQ+LFTGHVxVjcXPs17LhbZVGedAJv8XZ1tvj5FvSg=="
    },
    "minami": {
      "version": "1.2.3",
      "resolved": "https://registry.npmmirror.com/minami/-/minami-1.2.3.tgz",
      "integrity": "sha512-3f2QqqbUC1usVux0FkQMFYB73yd9JIxmHSn1dWQacizL6hOUaNu6mA3KxZ9SfiCc4qgcgq+5XP59+hP7URa1Dw=="
    },
    "taffydb": {
      "version": "2.7.3",
      "resolved": "https://registry.npmmirror.com/taffydb/-/taffydb-2.7.3.tgz",
      "integrity": "sha512-GQ3gtYFSOAxSMN/apGtDKKkbJf+8izz5YfbGqIsUc7AMiQOapARZ76dhilRY2h39cynYxBFdafQo5HUL5vgkrg=="
    }
  }
}
